<?xml version="1.0" encoding="UTF-8"?>
<CONFIG>
  <ProjectOptions>
    <Version Value="11"/>
    <PathDelim Value="\"/>
    <General>
      <Flags>
        <MainUnitHasCreateFormStatements Value="False"/>
        <MainUnitHasTitleStatement Value="False"/>
        <LRSInOutputDirectory Value="False"/>
      </Flags>
      <SessionStorage Value="InProjectDir"/>
      <MainUnit Value="0"/>
      <Title Value="controls"/>
      <UseAppBundle Value="False"/>
      <ResourceType Value="res"/>
    </General>
    <i18n>
      <EnableI18N LFM="False"/>
    </i18n>
    <CustomData Count="12">
      <Item0 Name="BuildSystem" Value="Gradle"/>
      <Item1 Name="CanCreateResMipmapFolder" Value="NO"/>
      <Item2 Name="KeepMyBuildGradleWhenReopen" Value="NO"/>
      <Item3 Name="LAMW" Value="GUI"/>
      <Item4 Name="LamwVersion" Value="0.8.6.4"/>
      <Item5 Name="MinSdk" Value="14"/>
      <Item6 Name="NdkApi" Value="android-22"/>
      <Item7 Name="NdkPath" Value="C:\android\android-ndk-r21e\"/>
      <Item8 Name="Package" Value="com.example.appnotificationmanagerdemo2"/>
      <Item9 Name="SdkPath" Value="C:\android\sdkJ17\"/>
      <Item10 Name="TargetSdk" Value="34"/>
      <Item11 Name="Theme" Value="DeviceDefault"/>
    </CustomData>
    <BuildModes Count="1">
      <Item1 Name="Default" Default="True"/>
    </BuildModes>
    <PublishOptions>
      <Version Value="2"/>
    </PublishOptions>
    <RunParams>
      <FormatVersion Value="2"/>
      <Modes Count="1">
        <Mode0 Name="default"/>
      </Modes>
    </RunParams>
    <RequiredPackages Count="1">
      <Item1>
        <PackageName Value="tfpandroidbridge_pack"/>
      </Item1>
    </RequiredPackages>
    <Units Count="2">
      <Unit0>
        <Filename Value="controls.lpr"/>
        <IsPartOfProject Value="True"/>
      </Unit0>
      <Unit1>
        <Filename Value="unit1.pas"/>
        <IsPartOfProject Value="True"/>
        <ComponentName Value="AndroidModule1"/>
        <HasResources Value="True"/>
        <CustomData Count="1">
          <Item0 Name="jControls" Value="jButton;jCheckBox;jIntentManager;jNotificationManager;jTextView"/>
        </CustomData>
      </Unit1>
    </Units>
  </ProjectOptions>
  <CompilerOptions>
    <Version Value="11"/>
    <PathDelim Value="\"/>
    <Target>
      <Filename Value="..\libs\armeabi\libcontrols"/>
    </Target>
    <SearchPaths>
      <Libraries Value="C:\android\android-ndk-r21e\platforms\android-22\arch-arm\usr\lib\;C:\android\android-ndk-r21e\toolchains\arm-linux-androideabi-4.9\prebuilt\windows-x86_64\lib\gcc\arm-linux-androideabi\4.9.x\"/>
      <UnitOutputDirectory Value="..\obj\controls"/>
    </SearchPaths>
    <Parsing>
      <SyntaxOptions>
        <SyntaxMode Value="delphi"/>
        <CStyleMacros Value="True"/>
      </SyntaxOptions>
    </Parsing>
    <CodeGeneration>
      <SmartLinkUnit Value="True"/>
      <TargetCPU Value="arm"/>
      <TargetOS Value="android"/>
      <Optimizations>
        <OptimizationLevel Value="3"/>
      </Optimizations>
      <SmallerCode Value="True"/>
    </CodeGeneration>
    <Linking>
      <Debugging>
        <GenerateDebugInfo Value="False"/>
        <StripSymbols Value="True"/>
      </Debugging>
      <LinkSmart Value="True"/>
      <Options>
        <ExecutableType Value="Library"/>
      </Options>
    </Linking>
    <Other>
      <CustomOptions Value="-Xd -CfSoft -CpARMV6 -XParm-linux-androideabi- -FDC:\android\android-ndk-r21e\toolchains\arm-linux-androideabi-4.9\prebuilt\windows-x86_64\bin"/>
    </Other>
  </CompilerOptions>
  <Debugging>
    <Exceptions Count="3">
      <Item1>
        <Name Value="EAbort"/>
      </Item1>
      <Item2>
        <Name Value="ECodetoolError"/>
      </Item2>
      <Item3>
        <Name Value="EFOpenError"/>
      </Item3>
    </Exceptions>
  </Debugging>
</CONFIG>
