<?xml version="1.0" encoding="UTF-8"?>
<CONFIG>
  <ProjectOptions>
    <Version Value="12"/>
    <PathDelim Value="\"/>
    <General>
      <Flags>
        <MainUnitHasCreateFormStatements Value="False"/>
        <MainUnitHasTitleStatement Value="False"/>
        <MainUnitHasScaledStatement Value="False"/>
        <LRSInOutputDirectory Value="False"/>
      </Flags>
      <SessionStorage Value="InProjectDir"/>
      <Title Value="controls"/>
      <UseAppBundle Value="False"/>
      <ResourceType Value="res"/>
    </General>
    <CustomData Count="12">
      <Item0 Name="BuildSystem" Value="Gradle"/>
      <Item1 Name="LAMW" Value="GUI"/>
      <Item2 Name="LamwVersion" Value="0.8.6.1"/>
      <Item3 Name="MinSdk" Value="14"/>
      <Item4 Name="NdkApi" Value="android-22"/>
      <Item5 Name="NdkPath" Value="C:\Users\user\AppData\Local\Android\Sdk\ndk\22.1.7171670\"/>
      <Item6 Name="Package" Value="org.lamw.appcolorpickerdemo1"/>
      <Item7 Name="SdkPath" Value="C:\Users\user\AppData\Local\Android\Sdk\"/>
      <Item8 Name="StartModule" Value="AndroidModule1"/>
      <Item9 Name="Support" Value="FALSE"/>
      <Item10 Name="TargetSdk" Value="33"/>
      <Item11 Name="Theme" Value="DeviceDefault"/>
    </CustomData>
    <BuildModes>
      <Item Name="Default" Default="True"/>
    </BuildModes>
    <PublishOptions>
      <Version Value="2"/>
      <UseFileFilters Value="True"/>
    </PublishOptions>
    <RunParams>
      <FormatVersion Value="2"/>
    </RunParams>
    <RequiredPackages>
      <Item>
        <PackageName Value="tfpandroidbridge_pack"/>
      </Item>
    </RequiredPackages>
    <Units>
      <Unit>
        <Filename Value="controls.lpr"/>
        <IsPartOfProject Value="True"/>
      </Unit>
      <Unit>
        <Filename Value="unit1.pas"/>
        <IsPartOfProject Value="True"/>
        <ComponentName Value="AndroidModule1"/>
        <CustomData Count="1">
          <Item0 Name="jControls" Value="jBitmap;jCanvas;jForm;jImageView;jPanel;jTextView"/>
        </CustomData>
      </Unit>
    </Units>
  </ProjectOptions>
  <CompilerOptions>
    <Version Value="11"/>
    <PathDelim Value="\"/>
    <Target>
      <Filename Value="..\libs\armeabi-v7a\libcontrols"/>
    </Target>
    <SearchPaths>
      <Libraries Value="C:\Users\user\AppData\Local\Android\Sdk\ndk\22.1.7171670\toolchains\llvm\prebuilt\windows-x86_64\sysroot\usr\lib\arm-linux-androideabi\22\;C:\Users\user\AppData\Local\Android\Sdk\ndk\22.1.7171670\toolchains\arm-linux-androideabi-4.9\prebuilt\windows-x86_64\lib\gcc\arm-linux-androideabi\4.9.x\"/>
      <UnitOutputDirectory Value="..\obj\controls"/>
    </SearchPaths>
    <Parsing>
      <SyntaxOptions>
        <SyntaxMode Value="Delphi"/>
        <CStyleMacros Value="True"/>
      </SyntaxOptions>
    </Parsing>
    <CodeGeneration>
      <SmartLinkUnit Value="True"/>
      <TargetCPU Value="arm"/>
      <TargetOS Value="android"/>
      <Optimizations>
        <OptimizationLevel Value="3"/>
      </Optimizations>
      <SmallerCode Value="True"/>
    </CodeGeneration>
    <Linking>
      <Debugging>
        <GenerateDebugInfo Value="False"/>
        <StripSymbols Value="True"/>
      </Debugging>
      <LinkSmart Value="True"/>
      <Options>
        <ExecutableType Value="Library"/>
      </Options>
    </Linking>
    <Other>
      <CustomOptions Value="-Xd -CfVFPv3 -CpARMV7A -XParm-linux-androideabi-"/>
    </Other>
  </CompilerOptions>
  <Debugging>
    <Exceptions>
      <Item>
        <Name Value="EAbort"/>
      </Item>
      <Item>
        <Name Value="ECodetoolError"/>
      </Item>
      <Item>
        <Name Value="EFOpenError"/>
      </Item>
    </Exceptions>
  </Debugging>
</CONFIG>
